
Microsoft Visual Studio Solution File, Format Version 12.00
# Visual Studio Version 16
VisualStudioVersion = 16.0.30320.27
MinimumVisualStudioVersion = 10.0.40219.1
Project("{8BC9CEB8-8B4A-11D0-8D11-00A0C91BC942}") = "mandelbrot", "mandelbrot.vcxproj", "{62C5521D-C6EB-4BD6-8AB0-46D0317602EA}"
EndProject
Global
	GlobalSection(SolutionConfigurationPlatforms) = preSolution
		Debug|x64 = Debug|x64
		Debug|x86 = Debug|x86
		Release|x64 = Release|x64
		Release|x86 = Release|x86
	EndGlobalSection
	GlobalSection(ProjectConfigurationPlatforms) = postSolution
		{62C5521D-C6EB-4BD6-8AB0-46D0317602EA}.Debug|x64.ActiveCfg = Debug|x64
		{62C5521D-C6EB-4BD6-8AB0-46D0317602EA}.Debug|x64.Build.0 = Debug|x64
		{62C5521D-C6EB-4BD6-8AB0-46D0317602EA}.Debug|x86.ActiveCfg = Debug|Win32
		{62C5521D-C6EB-4BD6-8AB0-46D0317602EA}.Debug|x86.Build.0 = Debug|Win32
		{62C5521D-C6EB-4BD6-8AB0-46D0317602EA}.Release|x64.ActiveCfg = Release|x64
		{62C5521D-C6EB-4BD6-8AB0-46D0317602EA}.Release|x64.Build.0 = Release|x64
		{62C5521D-C6EB-4BD6-8AB0-46D0317602EA}.Release|x86.ActiveCfg = Release|Win32
		{62C5521D-C6EB-4BD6-8AB0-46D0317602EA}.Release|x86.Build.0 = Release|Win32
	EndGlobalSection
	GlobalSection(SolutionProperties) = preSolution
		HideSolutionNode = FALSE
	EndGlobalSection
	GlobalSection(ExtensibilityGlobals) = postSolution
		SolutionGuid = {351A6459-CBF7-43A5-AAC7-817BF74C34CD}
	EndGlobalSection
EndGlobal
